
Microsoft Visual Studio Solution File, Format Version 12.00
# Visual Studio Version 16
VisualStudioVersion = 16.0.31515.178
MinimumVisualStudioVersion = 10.0.40219.1
Project("{9A19103F-16F7-4668-BE54-9A1E7A4F7556}") = "KrunkScriptParser", "KrunkScriptParser\KrunkScriptParser.csproj", "{66C14C93-552C-4D33-B23C-0BC0FE4E951B}"
EndProject
Project("{9A19103F-16F7-4668-BE54-9A1E7A4F7556}") = "KrunkScript", "KrunkScript\KrunkScript.csproj", "{B26B3316-9A30-4D01-8409-E6BCB6AABDB6}"
EndProject
Global
	GlobalSection(SolutionConfigurationPlatforms) = preSolution
		Debug|Any CPU = Debug|Any CPU
		Release|Any CPU = Release|Any CPU
	EndGlobalSection
	GlobalSection(ProjectConfigurationPlatforms) = postSolution
		{66C14C93-552C-4D33-B23C-0BC0FE4E951B}.Debug|Any CPU.ActiveCfg = Debug|Any CPU
		{66C14C93-552C-4D33-B23C-0BC0FE4E951B}.Debug|Any CPU.Build.0 = Debug|Any CPU
		{66C14C93-552C-4D33-B23C-0BC0FE4E951B}.Release|Any CPU.ActiveCfg = Release|Any CPU
		{66C14C93-552C-4D33-B23C-0BC0FE4E951B}.Release|Any CPU.Build.0 = Release|Any CPU
		{B26B3316-9A30-4D01-8409-E6BCB6AABDB6}.Debug|Any CPU.ActiveCfg = Debug|Any CPU
		{B26B3316-9A30-4D01-8409-E6BCB6AABDB6}.Debug|Any CPU.Build.0 = Debug|Any CPU
		{B26B3316-9A30-4D01-8409-E6BCB6AABDB6}.Release|Any CPU.ActiveCfg = Release|Any CPU
		{B26B3316-9A30-4D01-8409-E6BCB6AABDB6}.Release|Any CPU.Build.0 = Release|Any CPU
	EndGlobalSection
	GlobalSection(SolutionProperties) = preSolution
		HideSolutionNode = FALSE
	EndGlobalSection
	GlobalSection(ExtensibilityGlobals) = postSolution
		SolutionGuid = {7447F82D-ECC1-4E83-95AB-FE341BA98A36}
	EndGlobalSection
EndGlobal
